
Microsoft Visual Studio Solution File, Format Version 12.00
# Visual Studio Version 17
VisualStudioVersion = 17.0.31903.59
MinimumVisualStudioVersion = 10.0.40219.1
Project("{FAE04EC0-301F-11D3-BF4B-00C04F79EFBC}") = "Project2Backend", "Project2Backend\Project2Backend.csproj", "{2B3A7CB1-0B9B-4620-B671-26F6566AA717}"
EndProject
Global
	GlobalSection(SolutionConfigurationPlatforms) = preSolution
		Debug|Any CPU = Debug|Any CPU
		Release|Any CPU = Release|Any CPU
	EndGlobalSection
	GlobalSection(ProjectConfigurationPlatforms) = postSolution
		{2B3A7CB1-0B9B-4620-B671-26F6566AA717}.Debug|Any CPU.ActiveCfg = Debug|Any CPU
		{2B3A7CB1-0B9B-4620-B671-26F6566AA717}.Debug|Any CPU.Build.0 = Debug|Any CPU
		{2B3A7CB1-0B9B-4620-B671-26F6566AA717}.Release|Any CPU.ActiveCfg = Release|Any CPU
		{2B3A7CB1-0B9B-4620-B671-26F6566AA717}.Release|Any CPU.Build.0 = Release|Any CPU
	EndGlobalSection
	GlobalSection(SolutionProperties) = preSolution
		HideSolutionNode = FALSE
	EndGlobalSection
	GlobalSection(ExtensibilityGlobals) = postSolution
		SolutionGuid = {F54A2D63-B949-4040-9A60-06AF785AEF23}
	EndGlobalSection
EndGlobal
